<?xml version="1.0" encoding="utf-8"?>
<Project ToolsVersion="4.0" xmlns="http://schemas.microsoft.com/developer/msbuild/2003">
  <ItemGroup>
    <Filter Include="Source">
      <UniqueIdentifier>{4FC737F1-C7A5-4376-A066-2A32D752A2FF}</UniqueIdentifier>
      <Extensions>cpp;c;cc;cxx;c++;cppm;ixx;def;odl;idl;hpj;bat;asm;asmx</Extensions>
    </Filter>
    <Filter Include="Source\Platform">
      <UniqueIdentifier>{a2cff016-caec-4aaa-835b-5749d6073f98}</UniqueIdentifier>
    </Filter>
    <Filter Include="Source\Platform\Win32">
      <UniqueIdentifier>{8533575b-65c1-49c7-9e32-8b38b8097e49}</UniqueIdentifier>
    </Filter>
    <Filter Include="Source\Platform\Windows">
      <UniqueIdentifier>{27869c1f-60d1-4453-96c7-e6081363b7a8}</UniqueIdentifier>
    </Filter>
  </ItemGroup>
  <ItemGroup>
    <ClCompile Include="MainWin32.cpp">
      <Filter>Source</Filter>
    </ClCompile>
    <ClCompile Include="..\Platform\Windows\PlatfromUtilsWindows.cpp">
      <Filter>Source\Platform\Windows</Filter>
    </ClCompile>
    <ClCompile Include="..\Platform\Win32\PlayFabWin32.cpp">
      <Filter>Source\Platform\Win32</Filter>
    </ClCompile>
  </ItemGroup>
  <ItemGroup>
    <CopyFileToFolders Include="..\..\testTitleData.json" />
  </ItemGroup>
</Project>